
Microsoft Visual Studio Solution File, Format Version 12.00
# Visual Studio Version 17
VisualStudioVersion = 17.8.34330.188
MinimumVisualStudioVersion = 10.0.40219.1
Project("{FAE04EC0-301F-11D3-BF4B-00C04F79EFBC}") = "MvcCoreApiPeliculasAWS7", "MvcCoreApiPeliculasAWS7\MvcCoreApiPeliculasAWS7.csproj", "{2A599C90-15EA-43AC-A1B5-4A300595B178}"
EndProject
Global
	GlobalSection(SolutionConfigurationPlatforms) = preSolution
		Debug|Any CPU = Debug|Any CPU
		Release|Any CPU = Release|Any CPU
	EndGlobalSection
	GlobalSection(ProjectConfigurationPlatforms) = postSolution
		{2A599C90-15EA-43AC-A1B5-4A300595B178}.Debug|Any CPU.ActiveCfg = Debug|Any CPU
		{2A599C90-15EA-43AC-A1B5-4A300595B178}.Debug|Any CPU.Build.0 = Debug|Any CPU
		{2A599C90-15EA-43AC-A1B5-4A300595B178}.Release|Any CPU.ActiveCfg = Release|Any CPU
		{2A599C90-15EA-43AC-A1B5-4A300595B178}.Release|Any CPU.Build.0 = Release|Any CPU
	EndGlobalSection
	GlobalSection(SolutionProperties) = preSolution
		HideSolutionNode = FALSE
	EndGlobalSection
	GlobalSection(ExtensibilityGlobals) = postSolution
		SolutionGuid = {8B30684D-AACD-4F44-B5AE-2E2284B6D09D}
	EndGlobalSection
EndGlobal
